
Microsoft Visual Studio Solution File, Format Version 12.00
# Visual Studio Version 16
VisualStudioVersion = 16.0.30320.27
MinimumVisualStudioVersion = 10.0.40219.1
Project("{FAE04EC0-301F-11D3-BF4B-00C04F79EFBC}") = "POSSystem", "POSSystem\POSSystem.csproj", "{3483E275-408C-45DE-89AC-F613AEC65315}"
EndProject
Global
	GlobalSection(SolutionConfigurationPlatforms) = preSolution
		Debug|Any CPU = Debug|Any CPU
		Release|Any CPU = Release|Any CPU
	EndGlobalSection
	GlobalSection(ProjectConfigurationPlatforms) = postSolution
		{3483E275-408C-45DE-89AC-F613AEC65315}.Debug|Any CPU.ActiveCfg = Debug|Any CPU
		{3483E275-408C-45DE-89AC-F613AEC65315}.Debug|Any CPU.Build.0 = Debug|Any CPU
		{3483E275-408C-45DE-89AC-F613AEC65315}.Release|Any CPU.ActiveCfg = Release|Any CPU
		{3483E275-408C-45DE-89AC-F613AEC65315}.Release|Any CPU.Build.0 = Release|Any CPU
	EndGlobalSection
	GlobalSection(SolutionProperties) = preSolution
		HideSolutionNode = FALSE
	EndGlobalSection
	GlobalSection(ExtensibilityGlobals) = postSolution
		SolutionGuid = {31CA4E14-ED70-4367-9321-AFD23B955B97}
	EndGlobalSection
EndGlobal
